// !$*UTF8*$!
{
	archiveVersion = 1;
	classes = {
	};
	objectVersion = 50;
	objects = {

/* Begin PBXBuildFile section */
		B103F0DA254C96F800A8BB04 /* InventoryVC.swift in Sources */ = {isa = PBXBuildFile; fileRef = B103F0D8254C96F800A8BB04 /* InventoryVC.swift */; };
		B103F0DB254C96F800A8BB04 /* InventoryVC.xib in Resources */ = {isa = PBXBuildFile; fileRef = B103F0D9254C96F800A8BB04 /* InventoryVC.xib */; };
		B103F0DE254C995C00A8BB04 /* InventoryItem+CoreDataClass.swift in Sources */ = {isa = PBXBuildFile; fileRef = B103F0DC254C995C00A8BB04 /* InventoryItem+CoreDataClass.swift */; };
		B103F0DF254C995C00A8BB04 /* InventoryItem+CoreDataProperties.swift in Sources */ = {isa = PBXBuildFile; fileRef = B103F0DD254C995C00A8BB04 /* InventoryItem+CoreDataProperties.swift */; };
		B103F0E1254C9CEF00A8BB04 /* InventoryItemsLibrary.swift in Sources */ = {isa = PBXBuildFile; fileRef = B103F0E0254C9CEF00A8BB04 /* InventoryItemsLibrary.swift */; };
		B103F0E5254C9E3900A8BB04 /* InventoryItemTVCell.swift in Sources */ = {isa = PBXBuildFile; fileRef = B103F0E3254C9E3900A8BB04 /* InventoryItemTVCell.swift */; };
		B103F0E6254C9E3900A8BB04 /* InventoryItemTVCell.xib in Resources */ = {isa = PBXBuildFile; fileRef = B103F0E4254C9E3900A8BB04 /* InventoryItemTVCell.xib */; };
		B112E1E1253F9F710039E59B /* MKRingProgressGroupView.swift in Sources */ = {isa = PBXBuildFile; fileRef = B112E1E0253F9DD20039E59B /* MKRingProgressGroupView.swift */; };
		B11827BF2550A2A3008E5FF9 /* UserService.swift in Sources */ = {isa = PBXBuildFile; fileRef = B11827BE2550A2A3008E5FF9 /* UserService.swift */; };
		B11827C12550A7C1008E5FF9 /* InventoryItemService.swift in Sources */ = {isa = PBXBuildFile; fileRef = B11827C02550A7C1008E5FF9 /* InventoryItemService.swift */; };
		B13916D3253768EB00A2CFA2 /* EntryService.swift in Sources */ = {isa = PBXBuildFile; fileRef = B13916D2253768EB00A2CFA2 /* EntryService.swift */; };
		B13916D62537692000A2CFA2 /* MenuVC.swift in Sources */ = {isa = PBXBuildFile; fileRef = B13916D42537692000A2CFA2 /* MenuVC.swift */; };
		B13916D72537692000A2CFA2 /* MenuVC.xib in Resources */ = {isa = PBXBuildFile; fileRef = B13916D52537692000A2CFA2 /* MenuVC.xib */; };
		B13916DC25376A1900A2CFA2 /* FeedbackVC.swift in Sources */ = {isa = PBXBuildFile; fileRef = B13916DA25376A1900A2CFA2 /* FeedbackVC.swift */; };
		B13916DD25376A1900A2CFA2 /* FeedbackVC.xib in Resources */ = {isa = PBXBuildFile; fileRef = B13916DB25376A1900A2CFA2 /* FeedbackVC.xib */; };
		B13916E025376B4E00A2CFA2 /* HomeVC.swift in Sources */ = {isa = PBXBuildFile; fileRef = B13916DE25376B4E00A2CFA2 /* HomeVC.swift */; };
		B13916E125376B4E00A2CFA2 /* HomeVC.xib in Resources */ = {isa = PBXBuildFile; fileRef = B13916DF25376B4E00A2CFA2 /* HomeVC.xib */; };
		B13916E525376B7400A2CFA2 /* StatsVC.swift in Sources */ = {isa = PBXBuildFile; fileRef = B13916E325376B7400A2CFA2 /* StatsVC.swift */; };
		B13916E625376B7400A2CFA2 /* StatsVC.xib in Resources */ = {isa = PBXBuildFile; fileRef = B13916E425376B7400A2CFA2 /* StatsVC.xib */; };
		B13916E825376E6200A2CFA2 /* CoreDataService.swift in Sources */ = {isa = PBXBuildFile; fileRef = B13916E725376E6200A2CFA2 /* CoreDataService.swift */; };
		B13916EA25376EE600A2CFA2 /* CoreDataManager.swift in Sources */ = {isa = PBXBuildFile; fileRef = B13916E925376EE600A2CFA2 /* CoreDataManager.swift */; };
		B13916F025376F7A00A2CFA2 /* User+CoreDataClass.swift in Sources */ = {isa = PBXBuildFile; fileRef = B13916EC25376F7A00A2CFA2 /* User+CoreDataClass.swift */; };
		B13916F125376F7A00A2CFA2 /* Creature+CoreDataProperties.swift in Sources */ = {isa = PBXBuildFile; fileRef = B13916ED25376F7A00A2CFA2 /* Creature+CoreDataProperties.swift */; };
		B13916F225376F7A00A2CFA2 /* User+CoreDataProperties.swift in Sources */ = {isa = PBXBuildFile; fileRef = B13916EE25376F7A00A2CFA2 /* User+CoreDataProperties.swift */; };
		B13916F325376F7A00A2CFA2 /* Creature+CoreDataClass.swift in Sources */ = {isa = PBXBuildFile; fileRef = B13916EF25376F7A00A2CFA2 /* Creature+CoreDataClass.swift */; };
		B13916F62537707B00A2CFA2 /* HapticFeedbackManager.swift in Sources */ = {isa = PBXBuildFile; fileRef = B13916F52537707B00A2CFA2 /* HapticFeedbackManager.swift */; };
		B13916F8253770DA00A2CFA2 /* GlobalService.swift in Sources */ = {isa = PBXBuildFile; fileRef = B13916F7253770DA00A2CFA2 /* GlobalService.swift */; };
		B13916FA2537710300A2CFA2 /* FunctionService.swift in Sources */ = {isa = PBXBuildFile; fileRef = B13916F92537710300A2CFA2 /* FunctionService.swift */; };
		B13916FC2537714000A2CFA2 /* DebugService.swift in Sources */ = {isa = PBXBuildFile; fileRef = B13916FB2537714000A2CFA2 /* DebugService.swift */; };
		B13916FE253771AD00A2CFA2 /* TimingManager.swift in Sources */ = {isa = PBXBuildFile; fileRef = B13916FD253771AD00A2CFA2 /* TimingManager.swift */; };
		B13917012537814100A2CFA2 /* GLProgressV.swift in Sources */ = {isa = PBXBuildFile; fileRef = B13917002537814100A2CFA2 /* GLProgressV.swift */; };
		B1391703253783C300A2CFA2 /* GLProgressV.xib in Resources */ = {isa = PBXBuildFile; fileRef = B1391702253783C300A2CFA2 /* GLProgressV.xib */; };
		B14AA4B02540BBDD00D630A7 /* HealthKitServiceManager.swift in Sources */ = {isa = PBXBuildFile; fileRef = B14AA4AF2540BBDD00D630A7 /* HealthKitServiceManager.swift */; };
		B1A41DD4252D2A6900E57C7E /* AppDelegate.swift in Sources */ = {isa = PBXBuildFile; fileRef = B1A41DD3252D2A6900E57C7E /* AppDelegate.swift */; };
		B1A41DD8252D2A6900E57C7E /* ViewController.swift in Sources */ = {isa = PBXBuildFile; fileRef = B1A41DD7252D2A6900E57C7E /* ViewController.swift */; };
		B1A41DDB252D2A6900E57C7E /* Main.storyboard in Resources */ = {isa = PBXBuildFile; fileRef = B1A41DD9252D2A6900E57C7E /* Main.storyboard */; };
		B1A41DDE252D2A6900E57C7E /* DragonOdyssey.xcdatamodeld in Sources */ = {isa = PBXBuildFile; fileRef = B1A41DDC252D2A6900E57C7E /* DragonOdyssey.xcdatamodeld */; };
		B1A41DE0252D2A6A00E57C7E /* Assets.xcassets in Resources */ = {isa = PBXBuildFile; fileRef = B1A41DDF252D2A6A00E57C7E /* Assets.xcassets */; };
		B1A41DE3252D2A6A00E57C7E /* LaunchScreen.storyboard in Resources */ = {isa = PBXBuildFile; fileRef = B1A41DE1252D2A6A00E57C7E /* LaunchScreen.storyboard */; };
		B1A41DEF252D3A5300E57C7E /* FuncService.swift in Sources */ = {isa = PBXBuildFile; fileRef = B1A41DEE252D3A5300E57C7E /* FuncService.swift */; };
		B1A41DF1252D3ACF00E57C7E /* SharedDataExtensions.swift in Sources */ = {isa = PBXBuildFile; fileRef = B1A41DF0252D3ACF00E57C7E /* SharedDataExtensions.swift */; };
		B1A41DF5252D42A900E57C7E /* CustomUIButtons.swift in Sources */ = {isa = PBXBuildFile; fileRef = B1A41DF4252D428000E57C7E /* CustomUIButtons.swift */; };
		B1A41DF6252D42A900E57C7E /* CustomUIViews.swift in Sources */ = {isa = PBXBuildFile; fileRef = B1A41DF3252D428000E57C7E /* CustomUIViews.swift */; };
		B1A41DF8252D42C700E57C7E /* UIExtensions.swift in Sources */ = {isa = PBXBuildFile; fileRef = B1A41DF7252D42C700E57C7E /* UIExtensions.swift */; };
		B1A41DFB252E2CB000E57C7E /* GLVC.swift in Sources */ = {isa = PBXBuildFile; fileRef = B1A41DFA252E2CAD00E57C7E /* GLVC.swift */; };
		B1A41DFD252E2CE100E57C7E /* UIService.swift in Sources */ = {isa = PBXBuildFile; fileRef = B1A41DFC252E2CE100E57C7E /* UIService.swift */; };
		B1B0DE6E2540CCB300713E0C /* HealthKit.framework in Frameworks */ = {isa = PBXBuildFile; fileRef = B1B0DE6D2540CCB300713E0C /* HealthKit.framework */; };
		F924C87B4A07D6355805A583 /* Pods_DragonOdyssey.framework in Frameworks */ = {isa = PBXBuildFile; fileRef = 407EF0A77D0AF74A51F8F79B /* Pods_DragonOdyssey.framework */; };
/* End PBXBuildFile section */

/* Begin PBXFileReference section */
		407EF0A77D0AF74A51F8F79B /* Pods_DragonOdyssey.framework */ = {isa = PBXFileReference; explicitFileType = wrapper.framework; includeInIndex = 0; path = Pods_DragonOdyssey.framework; sourceTree = BUILT_PRODUCTS_DIR; };
		517647D07101D942767962B8 /* Pods-DragonOdyssey.debug.xcconfig */ = {isa = PBXFileReference; includeInIndex = 1; lastKnownFileType = text.xcconfig; name = "Pods-DragonOdyssey.debug.xcconfig"; path = "Pods/Target Support Files/Pods-DragonOdyssey/Pods-DragonOdyssey.debug.xcconfig"; sourceTree = "<group>"; };
		7B89A901CF65B87E142144BB /* Pods-DragonOdyssey.release.xcconfig */ = {isa = PBXFileReference; includeInIndex = 1; lastKnownFileType = text.xcconfig; name = "Pods-DragonOdyssey.release.xcconfig"; path = "Pods/Target Support Files/Pods-DragonOdyssey/Pods-DragonOdyssey.release.xcconfig"; sourceTree = "<group>"; };
		B103F0D8254C96F800A8BB04 /* InventoryVC.swift */ = {isa = PBXFileReference; lastKnownFileType = sourcecode.swift; path = InventoryVC.swift; sourceTree = "<group>"; };
		B103F0D9254C96F800A8BB04 /* InventoryVC.xib */ = {isa = PBXFileReference; lastKnownFileType = file.xib; path = InventoryVC.xib; sourceTree = "<group>"; };
		B103F0DC254C995C00A8BB04 /* InventoryItem+CoreDataClass.swift */ = {isa = PBXFileReference; lastKnownFileType = sourcecode.swift; name = "InventoryItem+CoreDataClass.swift"; path = "/Users/provmusic/Blue Fruit Local/DragonOdyssey/DragonOdyssey/InventoryItem+CoreDataClass.swift"; sourceTree = "<absolute>"; };
		B103F0DD254C995C00A8BB04 /* InventoryItem+CoreDataProperties.swift */ = {isa = PBXFileReference; lastKnownFileType = sourcecode.swift; name = "InventoryItem+CoreDataProperties.swift"; path = "/Users/provmusic/Blue Fruit Local/DragonOdyssey/DragonOdyssey/InventoryItem+CoreDataProperties.swift"; sourceTree = "<absolute>"; };
		B103F0E0254C9CEF00A8BB04 /* InventoryItemsLibrary.swift */ = {isa = PBXFileReference; lastKnownFileType = sourcecode.swift; path = InventoryItemsLibrary.swift; sourceTree = "<group>"; };
		B103F0E3254C9E3900A8BB04 /* InventoryItemTVCell.swift */ = {isa = PBXFileReference; lastKnownFileType = sourcecode.swift; path = InventoryItemTVCell.swift; sourceTree = "<group>"; };
		B103F0E4254C9E3900A8BB04 /* InventoryItemTVCell.xib */ = {isa = PBXFileReference; lastKnownFileType = file.xib; path = InventoryItemTVCell.xib; sourceTree = "<group>"; };
		B112E1E0253F9DD20039E59B /* MKRingProgressGroupView.swift */ = {isa = PBXFileReference; lastKnownFileType = sourcecode.swift; path = MKRingProgressGroupView.swift; sourceTree = "<group>"; };
		B11827BE2550A2A3008E5FF9 /* UserService.swift */ = {isa = PBXFileReference; lastKnownFileType = sourcecode.swift; path = UserService.swift; sourceTree = "<group>"; };
		B11827C02550A7C1008E5FF9 /* InventoryItemService.swift */ = {isa = PBXFileReference; lastKnownFileType = sourcecode.swift; path = InventoryItemService.swift; sourceTree = "<group>"; };
		B13916D2253768EB00A2CFA2 /* EntryService.swift */ = {isa = PBXFileReference; lastKnownFileType = sourcecode.swift; path = EntryService.swift; sourceTree = "<group>"; };
		B13916D42537692000A2CFA2 /* MenuVC.swift */ = {isa = PBXFileReference; lastKnownFileType = sourcecode.swift; path = MenuVC.swift; sourceTree = "<group>"; };
		B13916D52537692000A2CFA2 /* MenuVC.xib */ = {isa = PBXFileReference; lastKnownFileType = file.xib; path = MenuVC.xib; sourceTree = "<group>"; };
		B13916DA25376A1900A2CFA2 /* FeedbackVC.swift */ = {isa = PBXFileReference; lastKnownFileType = sourcecode.swift; path = FeedbackVC.swift; sourceTree = "<group>"; };
		B13916DB25376A1900A2CFA2 /* FeedbackVC.xib */ = {isa = PBXFileReference; lastKnownFileType = file.xib; path = FeedbackVC.xib; sourceTree = "<group>"; };
		B13916DE25376B4E00A2CFA2 /* HomeVC.swift */ = {isa = PBXFileReference; lastKnownFileType = sourcecode.swift; path = HomeVC.swift; sourceTree = "<group>"; };
		B13916DF25376B4E00A2CFA2 /* HomeVC.xib */ = {isa = PBXFileReference; lastKnownFileType = file.xib; path = HomeVC.xib; sourceTree = "<group>"; };
		B13916E325376B7400A2CFA2 /* StatsVC.swift */ = {isa = PBXFileReference; lastKnownFileType = sourcecode.swift; path = StatsVC.swift; sourceTree = "<group>"; };
		B13916E425376B7400A2CFA2 /* StatsVC.xib */ = {isa = PBXFileReference; lastKnownFileType = file.xib; path = StatsVC.xib; sourceTree = "<group>"; };
		B13916E725376E6200A2CFA2 /* CoreDataService.swift */ = {isa = PBXFileReference; lastKnownFileType = sourcecode.swift; path = CoreDataService.swift; sourceTree = "<group>"; };
		B13916E925376EE600A2CFA2 /* CoreDataManager.swift */ = {isa = PBXFileReference; lastKnownFileType = sourcecode.swift; path = CoreDataManager.swift; sourceTree = "<group>"; };
		B13916EC25376F7A00A2CFA2 /* User+CoreDataClass.swift */ = {isa = PBXFileReference; fileEncoding = 4; lastKnownFileType = sourcecode.swift; path = "User+CoreDataClass.swift"; sourceTree = "<group>"; };
		B13916ED25376F7A00A2CFA2 /* Creature+CoreDataProperties.swift */ = {isa = PBXFileReference; fileEncoding = 4; lastKnownFileType = sourcecode.swift; path = "Creature+CoreDataProperties.swift"; sourceTree = "<group>"; };
		B13916EE25376F7A00A2CFA2 /* User+CoreDataProperties.swift */ = {isa = PBXFileReference; fileEncoding = 4; lastKnownFileType = sourcecode.swift; path = "User+CoreDataProperties.swift"; sourceTree = "<group>"; };
		B13916EF25376F7A00A2CFA2 /* Creature+CoreDataClass.swift */ = {isa = PBXFileReference; fileEncoding = 4; lastKnownFileType = sourcecode.swift; path = "Creature+CoreDataClass.swift"; sourceTree = "<group>"; };
		B13916F52537707B00A2CFA2 /* HapticFeedbackManager.swift */ = {isa = PBXFileReference; lastKnownFileType = sourcecode.swift; path = HapticFeedbackManager.swift; sourceTree = "<group>"; };
		B13916F7253770DA00A2CFA2 /* GlobalService.swift */ = {isa = PBXFileReference; lastKnownFileType = sourcecode.swift; path = GlobalService.swift; sourceTree = "<group>"; };
		B13916F92537710300A2CFA2 /* FunctionService.swift */ = {isa = PBXFileReference; lastKnownFileType = sourcecode.swift; path = FunctionService.swift; sourceTree = "<group>"; };
		B13916FB2537714000A2CFA2 /* DebugService.swift */ = {isa = PBXFileReference; lastKnownFileType = sourcecode.swift; path = DebugService.swift; sourceTree = "<group>"; };
		B13916FD253771AD00A2CFA2 /* TimingManager.swift */ = {isa = PBXFileReference; lastKnownFileType = sourcecode.swift; path = TimingManager.swift; sourceTree = "<group>"; };
		B13917002537814100A2CFA2 /* GLProgressV.swift */ = {isa = PBXFileReference; lastKnownFileType = sourcecode.swift; path = GLProgressV.swift; sourceTree = "<group>"; };
		B1391702253783C300A2CFA2 /* GLProgressV.xib */ = {isa = PBXFileReference; lastKnownFileType = file.xib; path = GLProgressV.xib; sourceTree = "<group>"; };
		B14AA4AF2540BBDD00D630A7 /* HealthKitServiceManager.swift */ = {isa = PBXFileReference; lastKnownFileType = sourcecode.swift; path = HealthKitServiceManager.swift; sourceTree = "<group>"; };
		B1A41DD0252D2A6900E57C7E /* Dragon Odyssey.app */ = {isa = PBXFileReference; explicitFileType = wrapper.application; includeInIndex = 0; path = "Dragon Odyssey.app"; sourceTree = BUILT_PRODUCTS_DIR; };
		B1A41DD3252D2A6900E57C7E /* AppDelegate.swift */ = {isa = PBXFileReference; lastKnownFileType = sourcecode.swift; path = AppDelegate.swift; sourceTree = "<group>"; };
		B1A41DD7252D2A6900E57C7E /* ViewController.swift */ = {isa = PBXFileReference; lastKnownFileType = sourcecode.swift; path = ViewController.swift; sourceTree = "<group>"; };
		B1A41DDA252D2A6900E57C7E /* Base */ = {isa = PBXFileReference; lastKnownFileType = file.storyboard; name = Base; path = Base.lproj/Main.storyboard; sourceTree = "<group>"; };
		B1A41DDD252D2A6900E57C7E /* DragonOdyssey.xcdatamodel */ = {isa = PBXFileReference; lastKnownFileType = wrapper.xcdatamodel; path = DragonOdyssey.xcdatamodel; sourceTree = "<group>"; };
		B1A41DDF252D2A6A00E57C7E /* Assets.xcassets */ = {isa = PBXFileReference; lastKnownFileType = folder.assetcatalog; path = Assets.xcassets; sourceTree = "<group>"; };
		B1A41DE2252D2A6A00E57C7E /* Base */ = {isa = PBXFileReference; lastKnownFileType = file.storyboard; name = Base; path = Base.lproj/LaunchScreen.storyboard; sourceTree = "<group>"; };
		B1A41DE4252D2A6A00E57C7E /* Info.plist */ = {isa = PBXFileReference; lastKnownFileType = text.plist.xml; path = Info.plist; sourceTree = "<group>"; };
		B1A41DEE252D3A5300E57C7E /* FuncService.swift */ = {isa = PBXFileReference; lastKnownFileType = sourcecode.swift; path = FuncService.swift; sourceTree = "<group>"; };
		B1A41DF0252D3ACF00E57C7E /* SharedDataExtensions.swift */ = {isa = PBXFileReference; lastKnownFileType = sourcecode.swift; path = SharedDataExtensions.swift; sourceTree = "<group>"; };
		B1A41DF3252D428000E57C7E /* CustomUIViews.swift */ = {isa = PBXFileReference; lastKnownFileType = sourcecode.swift; path = CustomUIViews.swift; sourceTree = "<group>"; };
		B1A41DF4252D428000E57C7E /* CustomUIButtons.swift */ = {isa = PBXFileReference; lastKnownFileType = sourcecode.swift; path = CustomUIButtons.swift; sourceTree = "<group>"; };
		B1A41DF7252D42C700E57C7E /* UIExtensions.swift */ = {isa = PBXFileReference; lastKnownFileType = sourcecode.swift; path = UIExtensions.swift; sourceTree = "<group>"; };
		B1A41DFA252E2CAD00E57C7E /* GLVC.swift */ = {isa = PBXFileReference; lastKnownFileType = sourcecode.swift; path = GLVC.swift; sourceTree = "<group>"; };
		B1A41DFC252E2CE100E57C7E /* UIService.swift */ = {isa = PBXFileReference; lastKnownFileType = sourcecode.swift; path = UIService.swift; sourceTree = "<group>"; };
		B1B0DE6C2540CCB200713E0C /* DragonOdyssey.entitlements */ = {isa = PBXFileReference; lastKnownFileType = text.plist.entitlements; path = DragonOdyssey.entitlements; sourceTree = "<group>"; };
		B1B0DE6D2540CCB300713E0C /* HealthKit.framework */ = {isa = PBXFileReference; lastKnownFileType = wrapper.framework; name = HealthKit.framework; path = System/Library/Frameworks/HealthKit.framework; sourceTree = SDKROOT; };
/* End PBXFileReference section */

/* Begin PBXFrameworksBuildPhase section */
		B1A41DCD252D2A6900E57C7E /* Frameworks */ = {
			isa = PBXFrameworksBuildPhase;
			buildActionMask = 2147483647;
			files = (
				F924C87B4A07D6355805A583 /* Pods_DragonOdyssey.framework in Frameworks */,
				B1B0DE6E2540CCB300713E0C /* HealthKit.framework in Frameworks */,
			);
			runOnlyForDeploymentPostprocessing = 0;
		};
/* End PBXFrameworksBuildPhase section */

/* Begin PBXGroup section */
		56536E40765FB349A117CB13 /* Pods */ = {
			isa = PBXGroup;
			children = (
				517647D07101D942767962B8 /* Pods-DragonOdyssey.debug.xcconfig */,
				7B89A901CF65B87E142144BB /* Pods-DragonOdyssey.release.xcconfig */,
			);
			name = Pods;
			sourceTree = "<group>";
		};
		B103F0D7254C96D700A8BB04 /* Inventory */ = {
			isa = PBXGroup;
			children = (
				B103F0D8254C96F800A8BB04 /* InventoryVC.swift */,
				B103F0D9254C96F800A8BB04 /* InventoryVC.xib */,
				B103F0E0254C9CEF00A8BB04 /* InventoryItemsLibrary.swift */,
				B103F0E3254C9E3900A8BB04 /* InventoryItemTVCell.swift */,
				B103F0E4254C9E3900A8BB04 /* InventoryItemTVCell.xib */,
			);
			name = Inventory;
			sourceTree = "<group>";
		};
		B112E1DE253F9DAE0039E59B /* 3rd Party Frameworks */ = {
			isa = PBXGroup;
			children = (
				B112E1DF253F9DC50039E59B /* MKRingProgressView */,
			);
			name = "3rd Party Frameworks";
			sourceTree = "<group>";
		};
		B112E1DF253F9DC50039E59B /* MKRingProgressView */ = {
			isa = PBXGroup;
			children = (
				B112E1E0253F9DD20039E59B /* MKRingProgressGroupView.swift */,
			);
			name = MKRingProgressView;
			sourceTree = "<group>";
		};
		B11827BD2550A28C008E5FF9 /* CoreData Services */ = {
			isa = PBXGroup;
			children = (
				B11827BE2550A2A3008E5FF9 /* UserService.swift */,
				B11827C02550A7C1008E5FF9 /* InventoryItemService.swift */,
			);
			name = "CoreData Services";
			sourceTree = "<group>";
		};
		B13916D12537648600A2CFA2 /* CoreData */ = {
			isa = PBXGroup;
			children = (
				B11827BD2550A28C008E5FF9 /* CoreData Services */,
				B13916EB25376F6400A2CFA2 /* Managed Classes */,
				B1A41DDC252D2A6900E57C7E /* DragonOdyssey.xcdatamodeld */,
				B13916E725376E6200A2CFA2 /* CoreDataService.swift */,
				B13916E925376EE600A2CFA2 /* CoreDataManager.swift */,
			);
			name = CoreData;
			sourceTree = "<group>";
		};
		B13916D8253769F800A2CFA2 /* FeedbackVC */ = {
			isa = PBXGroup;
			children = (
				B13916DA25376A1900A2CFA2 /* FeedbackVC.swift */,
				B13916DB25376A1900A2CFA2 /* FeedbackVC.xib */,
			);
			name = FeedbackVC;
			sourceTree = "<group>";
		};
		B13916D9253769FF00A2CFA2 /* HomeVC */ = {
			isa = PBXGroup;
			children = (
				B13916DE25376B4E00A2CFA2 /* HomeVC.swift */,
				B13916DF25376B4E00A2CFA2 /* HomeVC.xib */,
			);
			name = HomeVC;
			sourceTree = "<group>";
		};
		B13916E225376B5800A2CFA2 /* StatsVC */ = {
			isa = PBXGroup;
			children = (
				B13916E325376B7400A2CFA2 /* StatsVC.swift */,
				B13916E425376B7400A2CFA2 /* StatsVC.xib */,
			);
			name = StatsVC;
			sourceTree = "<group>";
		};
		B13916EB25376F6400A2CFA2 /* Managed Classes */ = {
			isa = PBXGroup;
			children = (
				B103F0DC254C995C00A8BB04 /* InventoryItem+CoreDataClass.swift */,
				B103F0DD254C995C00A8BB04 /* InventoryItem+CoreDataProperties.swift */,
				B13916EF25376F7A00A2CFA2 /* Creature+CoreDataClass.swift */,
				B13916ED25376F7A00A2CFA2 /* Creature+CoreDataProperties.swift */,
				B13916EC25376F7A00A2CFA2 /* User+CoreDataClass.swift */,
				B13916EE25376F7A00A2CFA2 /* User+CoreDataProperties.swift */,
			);
			name = "Managed Classes";
			sourceTree = "<group>";
		};
		B13916F42537706400A2CFA2 /* Managers */ = {
			isa = PBXGroup;
			children = (
				B13916F52537707B00A2CFA2 /* HapticFeedbackManager.swift */,
				B13916FD253771AD00A2CFA2 /* TimingManager.swift */,
				B14AA4AF2540BBDD00D630A7 /* HealthKitServiceManager.swift */,
			);
			name = Managers;
			sourceTree = "<group>";
		};
		B13916FF2537811400A2CFA2 /* Agnostic */ = {
			isa = PBXGroup;
			children = (
				B13917002537814100A2CFA2 /* GLProgressV.swift */,
				B1391702253783C300A2CFA2 /* GLProgressV.xib */,
			);
			name = Agnostic;
			sourceTree = "<group>";
		};
		B1A41DC7252D2A6900E57C7E = {
			isa = PBXGroup;
			children = (
				B1A41DD2252D2A6900E57C7E /* DragonOdyssey */,
				B1A41DD1252D2A6900E57C7E /* Products */,
				56536E40765FB349A117CB13 /* Pods */,
				CC4D385ADFD0B47B3AC53E3E /* Frameworks */,
			);
			sourceTree = "<group>";
		};
		B1A41DD1252D2A6900E57C7E /* Products */ = {
			isa = PBXGroup;
			children = (
				B1A41DD0252D2A6900E57C7E /* Dragon Odyssey.app */,
			);
			name = Products;
			sourceTree = "<group>";
		};
		B1A41DD2252D2A6900E57C7E /* DragonOdyssey */ = {
			isa = PBXGroup;
			children = (
				B1B0DE6C2540CCB200713E0C /* DragonOdyssey.entitlements */,
				B13916FF2537811400A2CFA2 /* Agnostic */,
				B1A41DF9252E2C9600E57C7E /* ViewControllers */,
				B1A41DEC252D3A2E00E57C7E /* Global */,
				B13916D12537648600A2CFA2 /* CoreData */,
				B1A41DD3252D2A6900E57C7E /* AppDelegate.swift */,
				B1A41DD7252D2A6900E57C7E /* ViewController.swift */,
				B112E1DE253F9DAE0039E59B /* 3rd Party Frameworks */,
				B1A41DEB252D39FE00E57C7E /* Supporting Files */,
			);
			path = DragonOdyssey;
			sourceTree = "<group>";
		};
		B1A41DEB252D39FE00E57C7E /* Supporting Files */ = {
			isa = PBXGroup;
			children = (
				B1A41DDF252D2A6A00E57C7E /* Assets.xcassets */,
				B1A41DE4252D2A6A00E57C7E /* Info.plist */,
				B1A41DD9252D2A6900E57C7E /* Main.storyboard */,
				B1A41DE1252D2A6A00E57C7E /* LaunchScreen.storyboard */,
			);
			name = "Supporting Files";
			sourceTree = "<group>";
		};
		B1A41DEC252D3A2E00E57C7E /* Global */ = {
			isa = PBXGroup;
			children = (
				B13916F42537706400A2CFA2 /* Managers */,
				B1A41DED252D3A3200E57C7E /* Services */,
				B1A41DF2252D426400E57C7E /* UI */,
				B1A41DF0252D3ACF00E57C7E /* SharedDataExtensions.swift */,
			);
			name = Global;
			sourceTree = "<group>";
		};
		B1A41DED252D3A3200E57C7E /* Services */ = {
			isa = PBXGroup;
			children = (
				B1A41DFC252E2CE100E57C7E /* UIService.swift */,
				B1A41DEE252D3A5300E57C7E /* FuncService.swift */,
				B13916D2253768EB00A2CFA2 /* EntryService.swift */,
				B13916F7253770DA00A2CFA2 /* GlobalService.swift */,
				B13916F92537710300A2CFA2 /* FunctionService.swift */,
				B13916FB2537714000A2CFA2 /* DebugService.swift */,
			);
			name = Services;
			sourceTree = "<group>";
		};
		B1A41DF2252D426400E57C7E /* UI */ = {
			isa = PBXGroup;
			children = (
				B1A41DF7252D42C700E57C7E /* UIExtensions.swift */,
				B1A41DF4252D428000E57C7E /* CustomUIButtons.swift */,
				B1A41DF3252D428000E57C7E /* CustomUIViews.swift */,
			);
			name = UI;
			sourceTree = "<group>";
		};
		B1A41DF9252E2C9600E57C7E /* ViewControllers */ = {
			isa = PBXGroup;
			children = (
				B103F0D7254C96D700A8BB04 /* Inventory */,
				B13916E225376B5800A2CFA2 /* StatsVC */,
				B13916D9253769FF00A2CFA2 /* HomeVC */,
				B13916D8253769F800A2CFA2 /* FeedbackVC */,
				B1A41DFA252E2CAD00E57C7E /* GLVC.swift */,
				B13916D42537692000A2CFA2 /* MenuVC.swift */,
				B13916D52537692000A2CFA2 /* MenuVC.xib */,
			);
			name = ViewControllers;
			sourceTree = "<group>";
		};
		CC4D385ADFD0B47B3AC53E3E /* Frameworks */ = {
			isa = PBXGroup;
			children = (
				B1B0DE6D2540CCB300713E0C /* HealthKit.framework */,
				407EF0A77D0AF74A51F8F79B /* Pods_DragonOdyssey.framework */,
			);
			name = Frameworks;
			sourceTree = "<group>";
		};
/* End PBXGroup section */

/* Begin PBXNativeTarget section */
		B1A41DCF252D2A6900E57C7E /* DragonOdyssey */ = {
			isa = PBXNativeTarget;
			buildConfigurationList = B1A41DE7252D2A6A00E57C7E /* Build configuration list for PBXNativeTarget "DragonOdyssey" */;
			buildPhases = (
				32AFA903C45BD9D6D52F3CFD /* [CP] Check Pods Manifest.lock */,
				B1A41DCC252D2A6900E57C7E /* Sources */,
				B1A41DCD252D2A6900E57C7E /* Frameworks */,
				B1A41DCE252D2A6900E57C7E /* Resources */,
				32F310F6CA6830F7BB8A2DC7 /* [CP] Embed Pods Frameworks */,
			);
			buildRules = (
			);
			dependencies = (
			);
			name = DragonOdyssey;
			productName = DragonOdyssey;
			productReference = B1A41DD0252D2A6900E57C7E /* Dragon Odyssey.app */;
			productType = "com.apple.product-type.application";
		};
/* End PBXNativeTarget section */

/* Begin PBXProject section */
		B1A41DC8252D2A6900E57C7E /* Project object */ = {
			isa = PBXProject;
			attributes = {
				LastSwiftUpdateCheck = 1130;
				LastUpgradeCheck = 1130;
				ORGANIZATIONNAME = "Wired Betterment";
				TargetAttributes = {
					B1A41DCF252D2A6900E57C7E = {
						CreatedOnToolsVersion = 11.3.1;
					};
				};
			};
			buildConfigurationList = B1A41DCB252D2A6900E57C7E /* Build configuration list for PBXProject "DragonOdyssey" */;
			compatibilityVersion = "Xcode 9.3";
			developmentRegion = en;
			hasScannedForEncodings = 0;
			knownRegions = (
				en,
				Base,
			);
			mainGroup = B1A41DC7252D2A6900E57C7E;
			productRefGroup = B1A41DD1252D2A6900E57C7E /* Products */;
			projectDirPath = "";
			projectRoot = "";
			targets = (
				B1A41DCF252D2A6900E57C7E /* DragonOdyssey */,
			);
		};
/* End PBXProject section */

/* Begin PBXResourcesBuildPhase section */
		B1A41DCE252D2A6900E57C7E /* Resources */ = {
			isa = PBXResourcesBuildPhase;
			buildActionMask = 2147483647;
			files = (
				B1A41DE3252D2A6A00E57C7E /* LaunchScreen.storyboard in Resources */,
				B13916E125376B4E00A2CFA2 /* HomeVC.xib in Resources */,
				B13916D72537692000A2CFA2 /* MenuVC.xib in Resources */,
				B103F0DB254C96F800A8BB04 /* InventoryVC.xib in Resources */,
				B13916E625376B7400A2CFA2 /* StatsVC.xib in Resources */,
				B13916DD25376A1900A2CFA2 /* FeedbackVC.xib in Resources */,
				B1A41DE0252D2A6A00E57C7E /* Assets.xcassets in Resources */,
				B1391703253783C300A2CFA2 /* GLProgressV.xib in Resources */,
				B1A41DDB252D2A6900E57C7E /* Main.storyboard in Resources */,
				B103F0E6254C9E3900A8BB04 /* InventoryItemTVCell.xib in Resources */,
			);
			runOnlyForDeploymentPostprocessing = 0;
		};
/* End PBXResourcesBuildPhase section */

/* Begin PBXShellScriptBuildPhase section */
		32AFA903C45BD9D6D52F3CFD /* [CP] Check Pods Manifest.lock */ = {
			isa = PBXShellScriptBuildPhase;
			buildActionMask = 2147483647;
			files = (
			);
			inputPaths = (
				"${PODS_PODFILE_DIR_PATH}/Podfile.lock",
				"${PODS_ROOT}/Manifest.lock",
			);
			name = "[CP] Check Pods Manifest.lock";
			outputPaths = (
				"$(DERIVED_FILE_DIR)/Pods-DragonOdyssey-checkManifestLockResult.txt",
			);
			runOnlyForDeploymentPostprocessing = 0;
			shellPath = /bin/sh;
			shellScript = "diff \"${PODS_PODFILE_DIR_PATH}/Podfile.lock\" \"${PODS_ROOT}/Manifest.lock\" > /dev/null\nif [ $? != 0 ] ; then\n    # print error to STDERR\n    echo \"error: The sandbox is not in sync with the Podfile.lock. Run 'pod install' or update your CocoaPods installation.\" >&2\n    exit 1\nfi\n# This output is used by Xcode 'outputs' to avoid re-running this script phase.\necho \"SUCCESS\" > \"${SCRIPT_OUTPUT_FILE_0}\"\n";
			showEnvVarsInLog = 0;
		};
		32F310F6CA6830F7BB8A2DC7 /* [CP] Embed Pods Frameworks */ = {
			isa = PBXShellScriptBuildPhase;
			buildActionMask = 2147483647;
			files = (
			);
			inputPaths = (
				"${SRCROOT}/Pods/Target Support Files/Pods-DragonOdyssey/Pods-DragonOdyssey-frameworks.sh",
				"${BUILT_PRODUCTS_DIR}/GoogleUtilities/GoogleUtilities.framework",
				"${BUILT_PRODUCTS_DIR}/MKRingProgressView/MKRingProgressView.framework",
				"${BUILT_PRODUCTS_DIR}/PromisesObjC/FBLPromises.framework",
				"${BUILT_PRODUCTS_DIR}/nanopb/nanopb.framework",
			);
			name = "[CP] Embed Pods Frameworks";
			outputPaths = (
				"${TARGET_BUILD_DIR}/${FRAMEWORKS_FOLDER_PATH}/GoogleUtilities.framework",
				"${TARGET_BUILD_DIR}/${FRAMEWORKS_FOLDER_PATH}/MKRingProgressView.framework",
				"${TARGET_BUILD_DIR}/${FRAMEWORKS_FOLDER_PATH}/FBLPromises.framework",
				"${TARGET_BUILD_DIR}/${FRAMEWORKS_FOLDER_PATH}/nanopb.framework",
			);
			runOnlyForDeploymentPostprocessing = 0;
			shellPath = /bin/sh;
			shellScript = "\"${SRCROOT}/Pods/Target Support Files/Pods-DragonOdyssey/Pods-DragonOdyssey-frameworks.sh\"\n";
			showEnvVarsInLog = 0;
		};
/* End PBXShellScriptBuildPhase section */

/* Begin PBXSourcesBuildPhase section */
		B1A41DCC252D2A6900E57C7E /* Sources */ = {
			isa = PBXSourcesBuildPhase;
			buildActionMask = 2147483647;
			files = (
				B1A41DD8252D2A6900E57C7E /* ViewController.swift in Sources */,
				B13916F325376F7A00A2CFA2 /* Creature+CoreDataClass.swift in Sources */,
				B13916E025376B4E00A2CFA2 /* HomeVC.swift in Sources */,
				B1A41DF1252D3ACF00E57C7E /* SharedDataExtensions.swift in Sources */,
				B13916F8253770DA00A2CFA2 /* GlobalService.swift in Sources */,
				B13916FC2537714000A2CFA2 /* DebugService.swift in Sources */,
				B103F0DE254C995C00A8BB04 /* InventoryItem+CoreDataClass.swift in Sources */,
				B1A41DF5252D42A900E57C7E /* CustomUIButtons.swift in Sources */,
				B13916F125376F7A00A2CFA2 /* Creature+CoreDataProperties.swift in Sources */,
				B13916FA2537710300A2CFA2 /* FunctionService.swift in Sources */,
				B13916EA25376EE600A2CFA2 /* CoreDataManager.swift in Sources */,
				B11827C12550A7C1008E5FF9 /* InventoryItemService.swift in Sources */,
				B13916F62537707B00A2CFA2 /* HapticFeedbackManager.swift in Sources */,
				B14AA4B02540BBDD00D630A7 /* HealthKitServiceManager.swift in Sources */,
				B13916FE253771AD00A2CFA2 /* TimingManager.swift in Sources */,
				B103F0DA254C96F800A8BB04 /* InventoryVC.swift in Sources */,
				B13916E825376E6200A2CFA2 /* CoreDataService.swift in Sources */,
				B1A41DF8252D42C700E57C7E /* UIExtensions.swift in Sources */,
				B13916DC25376A1900A2CFA2 /* FeedbackVC.swift in Sources */,
				B13916D3253768EB00A2CFA2 /* EntryService.swift in Sources */,
				B13916D62537692000A2CFA2 /* MenuVC.swift in Sources */,
				B112E1E1253F9F710039E59B /* MKRingProgressGroupView.swift in Sources */,
				B11827BF2550A2A3008E5FF9 /* UserService.swift in Sources */,
				B1A41DFB252E2CB000E57C7E /* GLVC.swift in Sources */,
				B1A41DEF252D3A5300E57C7E /* FuncService.swift in Sources */,
				B1A41DDE252D2A6900E57C7E /* DragonOdyssey.xcdatamodeld in Sources */,
				B103F0E1254C9CEF00A8BB04 /* InventoryItemsLibrary.swift in Sources */,
				B13916E525376B7400A2CFA2 /* StatsVC.swift in Sources */,
				B103F0DF254C995C00A8BB04 /* InventoryItem+CoreDataProperties.swift in Sources */,
				B13916F025376F7A00A2CFA2 /* User+CoreDataClass.swift in Sources */,
				B1A41DFD252E2CE100E57C7E /* UIService.swift in Sources */,
				B103F0E5254C9E3900A8BB04 /* InventoryItemTVCell.swift in Sources */,
				B1A41DF6252D42A900E57C7E /* CustomUIViews.swift in Sources */,
				B13916F225376F7A00A2CFA2 /* User+CoreDataProperties.swift in Sources */,
				B1A41DD4252D2A6900E57C7E /* AppDelegate.swift in Sources */,
				B13917012537814100A2CFA2 /* GLProgressV.swift in Sources */,
			);
			runOnlyForDeploymentPostprocessing = 0;
		};
/* End PBXSourcesBuildPhase section */

/* Begin PBXVariantGroup section */
		B1A41DD9252D2A6900E57C7E /* Main.storyboard */ = {
			isa = PBXVariantGroup;
			children = (
				B1A41DDA252D2A6900E57C7E /* Base */,
			);
			name = Main.storyboard;
			sourceTree = "<group>";
		};
		B1A41DE1252D2A6A00E57C7E /* LaunchScreen.storyboard */ = {
			isa = PBXVariantGroup;
			children = (
				B1A41DE2252D2A6A00E57C7E /* Base */,
			);
			name = LaunchScreen.storyboard;
			sourceTree = "<group>";
		};
/* End PBXVariantGroup section */

/* Begin XCBuildConfiguration section */
		B1A41DE5252D2A6A00E57C7E /* Debug */ = {
			isa = XCBuildConfiguration;
			buildSettings = {
				ALWAYS_SEARCH_USER_PATHS = NO;
				CLANG_ANALYZER_NONNULL = YES;
				CLANG_ANALYZER_NUMBER_OBJECT_CONVERSION = YES_AGGRESSIVE;
				CLANG_CXX_LANGUAGE_STANDARD = "gnu++14";
				CLANG_CXX_LIBRARY = "libc++";
				CLANG_ENABLE_MODULES = YES;
				CLANG_ENABLE_OBJC_ARC = YES;
				CLANG_ENABLE_OBJC_WEAK = YES;
				CLANG_WARN_BLOCK_CAPTURE_AUTORELEASING = YES;
				CLANG_WARN_BOOL_CONVERSION = YES;
				CLANG_WARN_COMMA = YES;
				CLANG_WARN_CONSTANT_CONVERSION = YES;
				CLANG_WARN_DEPRECATED_OBJC_IMPLEMENTATIONS = YES;
				CLANG_WARN_DIRECT_OBJC_ISA_USAGE = YES_ERROR;
				CLANG_WARN_DOCUMENTATION_COMMENTS = YES;
				CLANG_WARN_EMPTY_BODY = YES;
				CLANG_WARN_ENUM_CONVERSION = YES;
				CLANG_WARN_INFINITE_RECURSION = YES;
				CLANG_WARN_INT_CONVERSION = YES;
				CLANG_WARN_NON_LITERAL_NULL_CONVERSION = YES;
				CLANG_WARN_OBJC_IMPLICIT_RETAIN_SELF = YES;
				CLANG_WARN_OBJC_LITERAL_CONVERSION = YES;
				CLANG_WARN_OBJC_ROOT_CLASS = YES_ERROR;
				CLANG_WARN_RANGE_LOOP_ANALYSIS = YES;
				CLANG_WARN_STRICT_PROTOTYPES = YES;
				CLANG_WARN_SUSPICIOUS_MOVE = YES;
				CLANG_WARN_UNGUARDED_AVAILABILITY = YES_AGGRESSIVE;
				CLANG_WARN_UNREACHABLE_CODE = YES;
				CLANG_WARN__DUPLICATE_METHOD_MATCH = YES;
				COPY_PHASE_STRIP = NO;
				DEBUG_INFORMATION_FORMAT = dwarf;
				ENABLE_STRICT_OBJC_MSGSEND = YES;
				ENABLE_TESTABILITY = YES;
				GCC_C_LANGUAGE_STANDARD = gnu11;
				GCC_DYNAMIC_NO_PIC = NO;
				GCC_NO_COMMON_BLOCKS = YES;
				GCC_OPTIMIZATION_LEVEL = 0;
				GCC_PREPROCESSOR_DEFINITIONS = (
					"DEBUG=1",
					"$(inherited)",
				);
				GCC_WARN_64_TO_32_BIT_CONVERSION = YES;
				GCC_WARN_ABOUT_RETURN_TYPE = YES_ERROR;
				GCC_WARN_UNDECLARED_SELECTOR = YES;
				GCC_WARN_UNINITIALIZED_AUTOS = YES_AGGRESSIVE;
				GCC_WARN_UNUSED_FUNCTION = YES;
				GCC_WARN_UNUSED_VARIABLE = YES;
				IPHONEOS_DEPLOYMENT_TARGET = 13.2;
				MTL_ENABLE_DEBUG_INFO = INCLUDE_SOURCE;
				MTL_FAST_MATH = YES;
				ONLY_ACTIVE_ARCH = YES;
				SDKROOT = iphoneos;
				SWIFT_ACTIVE_COMPILATION_CONDITIONS = DEBUG;
				SWIFT_OPTIMIZATION_LEVEL = "-Onone";
			};
			name = Debug;
		};
		B1A41DE6252D2A6A00E57C7E /* Release */ = {
			isa = XCBuildConfiguration;
			buildSettings = {
				ALWAYS_SEARCH_USER_PATHS = NO;
				CLANG_ANALYZER_NONNULL = YES;
				CLANG_ANALYZER_NUMBER_OBJECT_CONVERSION = YES_AGGRESSIVE;
				CLANG_CXX_LANGUAGE_STANDARD = "gnu++14";
				CLANG_CXX_LIBRARY = "libc++";
				CLANG_ENABLE_MODULES = YES;
				CLANG_ENABLE_OBJC_ARC = YES;
				CLANG_ENABLE_OBJC_WEAK = YES;
				CLANG_WARN_BLOCK_CAPTURE_AUTORELEASING = YES;
				CLANG_WARN_BOOL_CONVERSION = YES;
				CLANG_WARN_COMMA = YES;
				CLANG_WARN_CONSTANT_CONVERSION = YES;
				CLANG_WARN_DEPRECATED_OBJC_IMPLEMENTATIONS = YES;
				CLANG_WARN_DIRECT_OBJC_ISA_USAGE = YES_ERROR;
				CLANG_WARN_DOCUMENTATION_COMMENTS = YES;
				CLANG_WARN_EMPTY_BODY = YES;
				CLANG_WARN_ENUM_CONVERSION = YES;
				CLANG_WARN_INFINITE_RECURSION = YES;
				CLANG_WARN_INT_CONVERSION = YES;
				CLANG_WARN_NON_LITERAL_NULL_CONVERSION = YES;
				CLANG_WARN_OBJC_IMPLICIT_RETAIN_SELF = YES;
				CLANG_WARN_OBJC_LITERAL_CONVERSION = YES;
				CLANG_WARN_OBJC_ROOT_CLASS = YES_ERROR;
				CLANG_WARN_RANGE_LOOP_ANALYSIS = YES;
				CLANG_WARN_STRICT_PROTOTYPES = YES;
				CLANG_WARN_SUSPICIOUS_MOVE = YES;
				CLANG_WARN_UNGUARDED_AVAILABILITY = YES_AGGRESSIVE;
				CLANG_WARN_UNREACHABLE_CODE = YES;
				CLANG_WARN__DUPLICATE_METHOD_MATCH = YES;
				COPY_PHASE_STRIP = NO;
				DEBUG_INFORMATION_FORMAT = "dwarf-with-dsym";
				ENABLE_NS_ASSERTIONS = NO;
				ENABLE_STRICT_OBJC_MSGSEND = YES;
				GCC_C_LANGUAGE_STANDARD = gnu11;
				GCC_NO_COMMON_BLOCKS = YES;
				GCC_WARN_64_TO_32_BIT_CONVERSION = YES;
				GCC_WARN_ABOUT_RETURN_TYPE = YES_ERROR;
				GCC_WARN_UNDECLARED_SELECTOR = YES;
				GCC_WARN_UNINITIALIZED_AUTOS = YES_AGGRESSIVE;
				GCC_WARN_UNUSED_FUNCTION = YES;
				GCC_WARN_UNUSED_VARIABLE = YES;
				IPHONEOS_DEPLOYMENT_TARGET = 13.2;
				MTL_ENABLE_DEBUG_INFO = NO;
				MTL_FAST_MATH = YES;
				SDKROOT = iphoneos;
				SWIFT_COMPILATION_MODE = wholemodule;
				SWIFT_OPTIMIZATION_LEVEL = "-O";
				VALIDATE_PRODUCT = YES;
			};
			name = Release;
		};
		B1A41DE8252D2A6A00E57C7E /* Debug */ = {
			isa = XCBuildConfiguration;
			baseConfigurationReference = 517647D07101D942767962B8 /* Pods-DragonOdyssey.debug.xcconfig */;
			buildSettings = {
				ASSETCATALOG_COMPILER_APPICON_NAME = AppIcon;
				CODE_SIGN_ENTITLEMENTS = DragonOdyssey/DragonOdyssey.entitlements;
				CODE_SIGN_IDENTITY = "Apple Development";
				CODE_SIGN_STYLE = Automatic;
				CURRENT_PROJECT_VERSION = 600;
				DEVELOPMENT_TEAM = 82J5T7H4P4;
				INFOPLIST_FILE = DragonOdyssey/Info.plist;
				IPHONEOS_DEPLOYMENT_TARGET = 11.0;
				LD_RUNPATH_SEARCH_PATHS = (
					"$(inherited)",
					"@executable_path/Frameworks",
				);
				MARKETING_VERSION = 0.1.2;
				PRODUCT_BUNDLE_IDENTIFIER = com.justinaguayo.DragonOdyssey;
				PRODUCT_NAME = "Dragon Odyssey";
				PROVISIONING_PROFILE_SPECIFIER = "";
				SWIFT_VERSION = 5.0;
				TARGETED_DEVICE_FAMILY = "1,2";
			};
			name = Debug;
		};
		B1A41DE9252D2A6A00E57C7E /* Release */ = {
			isa = XCBuildConfiguration;
			baseConfigurationReference = 7B89A901CF65B87E142144BB /* Pods-DragonOdyssey.release.xcconfig */;
			buildSettings = {
				ASSETCATALOG_COMPILER_APPICON_NAME = AppIcon;
				CODE_SIGN_ENTITLEMENTS = DragonOdyssey/DragonOdyssey.entitlements;
				CODE_SIGN_IDENTITY = "Apple Development";
				CODE_SIGN_STYLE = Automatic;
				CURRENT_PROJECT_VERSION = 600;
				DEVELOPMENT_TEAM = 82J5T7H4P4;
				INFOPLIST_FILE = DragonOdyssey/Info.plist;
				IPHONEOS_DEPLOYMENT_TARGET = 11.0;
				LD_RUNPATH_SEARCH_PATHS = (
					"$(inherited)",
					"@executable_path/Frameworks",
				);
				MARKETING_VERSION = 0.1.2;
				PRODUCT_BUNDLE_IDENTIFIER = com.justinaguayo.DragonOdyssey;
				PRODUCT_NAME = "Dragon Odyssey";
				PROVISIONING_PROFILE_SPECIFIER = "";
				SWIFT_VERSION = 5.0;
				TARGETED_DEVICE_FAMILY = "1,2";
			};
			name = Release;
		};
/* End XCBuildConfiguration section */

/* Begin XCConfigurationList section */
		B1A41DCB252D2A6900E57C7E /* Build configuration list for PBXProject "DragonOdyssey" */ = {
			isa = XCConfigurationList;
			buildConfigurations = (
				B1A41DE5252D2A6A00E57C7E /* Debug */,
				B1A41DE6252D2A6A00E57C7E /* Release */,
			);
			defaultConfigurationIsVisible = 0;
			defaultConfigurationName = Release;
		};
		B1A41DE7252D2A6A00E57C7E /* Build configuration list for PBXNativeTarget "DragonOdyssey" */ = {
			isa = XCConfigurationList;
			buildConfigurations = (
				B1A41DE8252D2A6A00E57C7E /* Debug */,
				B1A41DE9252D2A6A00E57C7E /* Release */,
			);
			defaultConfigurationIsVisible = 0;
			defaultConfigurationName = Release;
		};
/* End XCConfigurationList section */

/* Begin XCVersionGroup section */
		B1A41DDC252D2A6900E57C7E /* DragonOdyssey.xcdatamodeld */ = {
			isa = XCVersionGroup;
			children = (
				B1A41DDD252D2A6900E57C7E /* DragonOdyssey.xcdatamodel */,
			);
			currentVersion = B1A41DDD252D2A6900E57C7E /* DragonOdyssey.xcdatamodel */;
			path = DragonOdyssey.xcdatamodeld;
			sourceTree = "<group>";
			versionGroupType = wrapper.xcdatamodel;
		};
/* End XCVersionGroup section */
	};
	rootObject = B1A41DC8252D2A6900E57C7E /* Project object */;
}
