// !$*UTF8*$!
{
	archiveVersion = 1;
	classes = {
	};
	objectVersion = 50;
	objects = {

/* Begin PBXBuildFile section */
		B1A41DD4252D2A6900E57C7E /* AppDelegate.swift in Sources */ = {isa = PBXBuildFile; fileRef = B1A41DD3252D2A6900E57C7E /* AppDelegate.swift */; };
		B1A41DD8252D2A6900E57C7E /* ViewController.swift in Sources */ = {isa = PBXBuildFile; fileRef = B1A41DD7252D2A6900E57C7E /* ViewController.swift */; };
		B1A41DDB252D2A6900E57C7E /* Main.storyboard in Resources */ = {isa = PBXBuildFile; fileRef = B1A41DD9252D2A6900E57C7E /* Main.storyboard */; };
		B1A41DDE252D2A6900E57C7E /* DragonOdyssey.xcdatamodeld in Sources */ = {isa = PBXBuildFile; fileRef = B1A41DDC252D2A6900E57C7E /* DragonOdyssey.xcdatamodeld */; };
		B1A41DE0252D2A6A00E57C7E /* Assets.xcassets in Resources */ = {isa = PBXBuildFile; fileRef = B1A41DDF252D2A6A00E57C7E /* Assets.xcassets */; };
		B1A41DE3252D2A6A00E57C7E /* LaunchScreen.storyboard in Resources */ = {isa = PBXBuildFile; fileRef = B1A41DE1252D2A6A00E57C7E /* LaunchScreen.storyboard */; };
		B1A41DEF252D3A5300E57C7E /* FuncService.swift in Sources */ = {isa = PBXBuildFile; fileRef = B1A41DEE252D3A5300E57C7E /* FuncService.swift */; };
		B1A41DF1252D3ACF00E57C7E /* SharedDataExtensions.swift in Sources */ = {isa = PBXBuildFile; fileRef = B1A41DF0252D3ACF00E57C7E /* SharedDataExtensions.swift */; };
		B1A41DF5252D42A900E57C7E /* CustomUIButtons.swift in Sources */ = {isa = PBXBuildFile; fileRef = B1A41DF4252D428000E57C7E /* CustomUIButtons.swift */; };
		B1A41DF6252D42A900E57C7E /* CustomUIViews.swift in Sources */ = {isa = PBXBuildFile; fileRef = B1A41DF3252D428000E57C7E /* CustomUIViews.swift */; };
		B1A41DF8252D42C700E57C7E /* UIExtensions.swift in Sources */ = {isa = PBXBuildFile; fileRef = B1A41DF7252D42C700E57C7E /* UIExtensions.swift */; };
		F924C87B4A07D6355805A583 /* Pods_DragonOdyssey.framework in Frameworks */ = {isa = PBXBuildFile; fileRef = 407EF0A77D0AF74A51F8F79B /* Pods_DragonOdyssey.framework */; };
/* End PBXBuildFile section */

/* Begin PBXFileReference section */
		407EF0A77D0AF74A51F8F79B /* Pods_DragonOdyssey.framework */ = {isa = PBXFileReference; explicitFileType = wrapper.framework; includeInIndex = 0; path = Pods_DragonOdyssey.framework; sourceTree = BUILT_PRODUCTS_DIR; };
		517647D07101D942767962B8 /* Pods-DragonOdyssey.debug.xcconfig */ = {isa = PBXFileReference; includeInIndex = 1; lastKnownFileType = text.xcconfig; name = "Pods-DragonOdyssey.debug.xcconfig"; path = "Pods/Target Support Files/Pods-DragonOdyssey/Pods-DragonOdyssey.debug.xcconfig"; sourceTree = "<group>"; };
		7B89A901CF65B87E142144BB /* Pods-DragonOdyssey.release.xcconfig */ = {isa = PBXFileReference; includeInIndex = 1; lastKnownFileType = text.xcconfig; name = "Pods-DragonOdyssey.release.xcconfig"; path = "Pods/Target Support Files/Pods-DragonOdyssey/Pods-DragonOdyssey.release.xcconfig"; sourceTree = "<group>"; };
		B1A41DD0252D2A6900E57C7E /* DragonOdyssey.app */ = {isa = PBXFileReference; explicitFileType = wrapper.application; includeInIndex = 0; path = DragonOdyssey.app; sourceTree = BUILT_PRODUCTS_DIR; };
		B1A41DD3252D2A6900E57C7E /* AppDelegate.swift */ = {isa = PBXFileReference; lastKnownFileType = sourcecode.swift; path = AppDelegate.swift; sourceTree = "<group>"; };
		B1A41DD7252D2A6900E57C7E /* ViewController.swift */ = {isa = PBXFileReference; lastKnownFileType = sourcecode.swift; path = ViewController.swift; sourceTree = "<group>"; };
		B1A41DDA252D2A6900E57C7E /* Base */ = {isa = PBXFileReference; lastKnownFileType = file.storyboard; name = Base; path = Base.lproj/Main.storyboard; sourceTree = "<group>"; };
		B1A41DDD252D2A6900E57C7E /* DragonOdyssey.xcdatamodel */ = {isa = PBXFileReference; lastKnownFileType = wrapper.xcdatamodel; path = DragonOdyssey.xcdatamodel; sourceTree = "<group>"; };
		B1A41DDF252D2A6A00E57C7E /* Assets.xcassets */ = {isa = PBXFileReference; lastKnownFileType = folder.assetcatalog; path = Assets.xcassets; sourceTree = "<group>"; };
		B1A41DE2252D2A6A00E57C7E /* Base */ = {isa = PBXFileReference; lastKnownFileType = file.storyboard; name = Base; path = Base.lproj/LaunchScreen.storyboard; sourceTree = "<group>"; };
		B1A41DE4252D2A6A00E57C7E /* Info.plist */ = {isa = PBXFileReference; lastKnownFileType = text.plist.xml; path = Info.plist; sourceTree = "<group>"; };
		B1A41DEE252D3A5300E57C7E /* FuncService.swift */ = {isa = PBXFileReference; lastKnownFileType = sourcecode.swift; path = FuncService.swift; sourceTree = "<group>"; };
		B1A41DF0252D3ACF00E57C7E /* SharedDataExtensions.swift */ = {isa = PBXFileReference; lastKnownFileType = sourcecode.swift; path = SharedDataExtensions.swift; sourceTree = "<group>"; };
		B1A41DF3252D428000E57C7E /* CustomUIViews.swift */ = {isa = PBXFileReference; lastKnownFileType = sourcecode.swift; path = CustomUIViews.swift; sourceTree = "<group>"; };
		B1A41DF4252D428000E57C7E /* CustomUIButtons.swift */ = {isa = PBXFileReference; lastKnownFileType = sourcecode.swift; path = CustomUIButtons.swift; sourceTree = "<group>"; };
		B1A41DF7252D42C700E57C7E /* UIExtensions.swift */ = {isa = PBXFileReference; lastKnownFileType = sourcecode.swift; path = UIExtensions.swift; sourceTree = "<group>"; };
/* End PBXFileReference section */

/* Begin PBXFrameworksBuildPhase section */
		B1A41DCD252D2A6900E57C7E /* Frameworks */ = {
			isa = PBXFrameworksBuildPhase;
			buildActionMask = 2147483647;
			files = (
				F924C87B4A07D6355805A583 /* Pods_DragonOdyssey.framework in Frameworks */,
			);
			runOnlyForDeploymentPostprocessing = 0;
		};
/* End PBXFrameworksBuildPhase section */

/* Begin PBXGroup section */
		56536E40765FB349A117CB13 /* Pods */ = {
			isa = PBXGroup;
			children = (
				517647D07101D942767962B8 /* Pods-DragonOdyssey.debug.xcconfig */,
				7B89A901CF65B87E142144BB /* Pods-DragonOdyssey.release.xcconfig */,
			);
			name = Pods;
			sourceTree = "<group>";
		};
		B1A41DC7252D2A6900E57C7E = {
			isa = PBXGroup;
			children = (
				B1A41DD2252D2A6900E57C7E /* DragonOdyssey */,
				B1A41DD1252D2A6900E57C7E /* Products */,
				56536E40765FB349A117CB13 /* Pods */,
				CC4D385ADFD0B47B3AC53E3E /* Frameworks */,
			);
			sourceTree = "<group>";
		};
		B1A41DD1252D2A6900E57C7E /* Products */ = {
			isa = PBXGroup;
			children = (
				B1A41DD0252D2A6900E57C7E /* DragonOdyssey.app */,
			);
			name = Products;
			sourceTree = "<group>";
		};
		B1A41DD2252D2A6900E57C7E /* DragonOdyssey */ = {
			isa = PBXGroup;
			children = (
				B1A41DEC252D3A2E00E57C7E /* Global */,
				B1A41DD3252D2A6900E57C7E /* AppDelegate.swift */,
				B1A41DD7252D2A6900E57C7E /* ViewController.swift */,
				B1A41DD9252D2A6900E57C7E /* Main.storyboard */,
				B1A41DEB252D39FE00E57C7E /* Supporting Files */,
			);
			path = DragonOdyssey;
			sourceTree = "<group>";
		};
		B1A41DEB252D39FE00E57C7E /* Supporting Files */ = {
			isa = PBXGroup;
			children = (
				B1A41DDF252D2A6A00E57C7E /* Assets.xcassets */,
				B1A41DE1252D2A6A00E57C7E /* LaunchScreen.storyboard */,
				B1A41DE4252D2A6A00E57C7E /* Info.plist */,
				B1A41DDC252D2A6900E57C7E /* DragonOdyssey.xcdatamodeld */,
			);
			name = "Supporting Files";
			sourceTree = "<group>";
		};
		B1A41DEC252D3A2E00E57C7E /* Global */ = {
			isa = PBXGroup;
			children = (
				B1A41DF2252D426400E57C7E /* UI */,
				B1A41DED252D3A3200E57C7E /* Services */,
				B1A41DF0252D3ACF00E57C7E /* SharedDataExtensions.swift */,
			);
			name = Global;
			sourceTree = "<group>";
		};
		B1A41DED252D3A3200E57C7E /* Services */ = {
			isa = PBXGroup;
			children = (
				B1A41DEE252D3A5300E57C7E /* FuncService.swift */,
			);
			name = Services;
			sourceTree = "<group>";
		};
		B1A41DF2252D426400E57C7E /* UI */ = {
			isa = PBXGroup;
			children = (
				B1A41DF7252D42C700E57C7E /* UIExtensions.swift */,
				B1A41DF4252D428000E57C7E /* CustomUIButtons.swift */,
				B1A41DF3252D428000E57C7E /* CustomUIViews.swift */,
			);
			name = UI;
			sourceTree = "<group>";
		};
		CC4D385ADFD0B47B3AC53E3E /* Frameworks */ = {
			isa = PBXGroup;
			children = (
				407EF0A77D0AF74A51F8F79B /* Pods_DragonOdyssey.framework */,
			);
			name = Frameworks;
			sourceTree = "<group>";
		};
/* End PBXGroup section */

/* Begin PBXNativeTarget section */
		B1A41DCF252D2A6900E57C7E /* DragonOdyssey */ = {
			isa = PBXNativeTarget;
			buildConfigurationList = B1A41DE7252D2A6A00E57C7E /* Build configuration list for PBXNativeTarget "DragonOdyssey" */;
			buildPhases = (
				32AFA903C45BD9D6D52F3CFD /* [CP] Check Pods Manifest.lock */,
				B1A41DCC252D2A6900E57C7E /* Sources */,
				B1A41DCD252D2A6900E57C7E /* Frameworks */,
				B1A41DCE252D2A6900E57C7E /* Resources */,
				32F310F6CA6830F7BB8A2DC7 /* [CP] Embed Pods Frameworks */,
			);
			buildRules = (
			);
			dependencies = (
			);
			name = DragonOdyssey;
			productName = DragonOdyssey;
			productReference = B1A41DD0252D2A6900E57C7E /* DragonOdyssey.app */;
			productType = "com.apple.product-type.application";
		};
/* End PBXNativeTarget section */

/* Begin PBXProject section */
		B1A41DC8252D2A6900E57C7E /* Project object */ = {
			isa = PBXProject;
			attributes = {
				LastSwiftUpdateCheck = 1130;
				LastUpgradeCheck = 1130;
				ORGANIZATIONNAME = "Wired Betterment";
				TargetAttributes = {
					B1A41DCF252D2A6900E57C7E = {
						CreatedOnToolsVersion = 11.3.1;
					};
				};
			};
			buildConfigurationList = B1A41DCB252D2A6900E57C7E /* Build configuration list for PBXProject "DragonOdyssey" */;
			compatibilityVersion = "Xcode 9.3";
			developmentRegion = en;
			hasScannedForEncodings = 0;
			knownRegions = (
				en,
				Base,
			);
			mainGroup = B1A41DC7252D2A6900E57C7E;
			productRefGroup = B1A41DD1252D2A6900E57C7E /* Products */;
			projectDirPath = "";
			projectRoot = "";
			targets = (
				B1A41DCF252D2A6900E57C7E /* DragonOdyssey */,
			);
		};
/* End PBXProject section */

/* Begin PBXResourcesBuildPhase section */
		B1A41DCE252D2A6900E57C7E /* Resources */ = {
			isa = PBXResourcesBuildPhase;
			buildActionMask = 2147483647;
			files = (
				B1A41DE3252D2A6A00E57C7E /* LaunchScreen.storyboard in Resources */,
				B1A41DE0252D2A6A00E57C7E /* Assets.xcassets in Resources */,
				B1A41DDB252D2A6900E57C7E /* Main.storyboard in Resources */,
			);
			runOnlyForDeploymentPostprocessing = 0;
		};
/* End PBXResourcesBuildPhase section */

/* Begin PBXShellScriptBuildPhase section */
		32AFA903C45BD9D6D52F3CFD /* [CP] Check Pods Manifest.lock */ = {
			isa = PBXShellScriptBuildPhase;
			buildActionMask = 2147483647;
			files = (
			);
			inputPaths = (
				"${PODS_PODFILE_DIR_PATH}/Podfile.lock",
				"${PODS_ROOT}/Manifest.lock",
			);
			name = "[CP] Check Pods Manifest.lock";
			outputPaths = (
				"$(DERIVED_FILE_DIR)/Pods-DragonOdyssey-checkManifestLockResult.txt",
			);
			runOnlyForDeploymentPostprocessing = 0;
			shellPath = /bin/sh;
			shellScript = "diff \"${PODS_PODFILE_DIR_PATH}/Podfile.lock\" \"${PODS_ROOT}/Manifest.lock\" > /dev/null\nif [ $? != 0 ] ; then\n    # print error to STDERR\n    echo \"error: The sandbox is not in sync with the Podfile.lock. Run 'pod install' or update your CocoaPods installation.\" >&2\n    exit 1\nfi\n# This output is used by Xcode 'outputs' to avoid re-running this script phase.\necho \"SUCCESS\" > \"${SCRIPT_OUTPUT_FILE_0}\"\n";
			showEnvVarsInLog = 0;
		};
		32F310F6CA6830F7BB8A2DC7 /* [CP] Embed Pods Frameworks */ = {
			isa = PBXShellScriptBuildPhase;
			buildActionMask = 2147483647;
			files = (
			);
			inputPaths = (
				"${SRCROOT}/Pods/Target Support Files/Pods-DragonOdyssey/Pods-DragonOdyssey-frameworks.sh",
				"${BUILT_PRODUCTS_DIR}/GoogleUtilities/GoogleUtilities.framework",
				"${BUILT_PRODUCTS_DIR}/PromisesObjC/FBLPromises.framework",
				"${BUILT_PRODUCTS_DIR}/nanopb/nanopb.framework",
			);
			name = "[CP] Embed Pods Frameworks";
			outputPaths = (
				"${TARGET_BUILD_DIR}/${FRAMEWORKS_FOLDER_PATH}/GoogleUtilities.framework",
				"${TARGET_BUILD_DIR}/${FRAMEWORKS_FOLDER_PATH}/FBLPromises.framework",
				"${TARGET_BUILD_DIR}/${FRAMEWORKS_FOLDER_PATH}/nanopb.framework",
			);
			runOnlyForDeploymentPostprocessing = 0;
			shellPath = /bin/sh;
			shellScript = "\"${SRCROOT}/Pods/Target Support Files/Pods-DragonOdyssey/Pods-DragonOdyssey-frameworks.sh\"\n";
			showEnvVarsInLog = 0;
		};
/* End PBXShellScriptBuildPhase section */

/* Begin PBXSourcesBuildPhase section */
		B1A41DCC252D2A6900E57C7E /* Sources */ = {
			isa = PBXSourcesBuildPhase;
			buildActionMask = 2147483647;
			files = (
				B1A41DD8252D2A6900E57C7E /* ViewController.swift in Sources */,
				B1A41DF1252D3ACF00E57C7E /* SharedDataExtensions.swift in Sources */,
				B1A41DF5252D42A900E57C7E /* CustomUIButtons.swift in Sources */,
				B1A41DF8252D42C700E57C7E /* UIExtensions.swift in Sources */,
				B1A41DEF252D3A5300E57C7E /* FuncService.swift in Sources */,
				B1A41DDE252D2A6900E57C7E /* DragonOdyssey.xcdatamodeld in Sources */,
				B1A41DF6252D42A900E57C7E /* CustomUIViews.swift in Sources */,
				B1A41DD4252D2A6900E57C7E /* AppDelegate.swift in Sources */,
			);
			runOnlyForDeploymentPostprocessing = 0;
		};
/* End PBXSourcesBuildPhase section */

/* Begin PBXVariantGroup section */
		B1A41DD9252D2A6900E57C7E /* Main.storyboard */ = {
			isa = PBXVariantGroup;
			children = (
				B1A41DDA252D2A6900E57C7E /* Base */,
			);
			name = Main.storyboard;
			sourceTree = "<group>";
		};
		B1A41DE1252D2A6A00E57C7E /* LaunchScreen.storyboard */ = {
			isa = PBXVariantGroup;
			children = (
				B1A41DE2252D2A6A00E57C7E /* Base */,
			);
			name = LaunchScreen.storyboard;
			sourceTree = "<group>";
		};
/* End PBXVariantGroup section */

/* Begin XCBuildConfiguration section */
		B1A41DE5252D2A6A00E57C7E /* Debug */ = {
			isa = XCBuildConfiguration;
			buildSettings = {
				ALWAYS_SEARCH_USER_PATHS = NO;
				CLANG_ANALYZER_NONNULL = YES;
				CLANG_ANALYZER_NUMBER_OBJECT_CONVERSION = YES_AGGRESSIVE;
				CLANG_CXX_LANGUAGE_STANDARD = "gnu++14";
				CLANG_CXX_LIBRARY = "libc++";
				CLANG_ENABLE_MODULES = YES;
				CLANG_ENABLE_OBJC_ARC = YES;
				CLANG_ENABLE_OBJC_WEAK = YES;
				CLANG_WARN_BLOCK_CAPTURE_AUTORELEASING = YES;
				CLANG_WARN_BOOL_CONVERSION = YES;
				CLANG_WARN_COMMA = YES;
				CLANG_WARN_CONSTANT_CONVERSION = YES;
				CLANG_WARN_DEPRECATED_OBJC_IMPLEMENTATIONS = YES;
				CLANG_WARN_DIRECT_OBJC_ISA_USAGE = YES_ERROR;
				CLANG_WARN_DOCUMENTATION_COMMENTS = YES;
				CLANG_WARN_EMPTY_BODY = YES;
				CLANG_WARN_ENUM_CONVERSION = YES;
				CLANG_WARN_INFINITE_RECURSION = YES;
				CLANG_WARN_INT_CONVERSION = YES;
				CLANG_WARN_NON_LITERAL_NULL_CONVERSION = YES;
				CLANG_WARN_OBJC_IMPLICIT_RETAIN_SELF = YES;
				CLANG_WARN_OBJC_LITERAL_CONVERSION = YES;
				CLANG_WARN_OBJC_ROOT_CLASS = YES_ERROR;
				CLANG_WARN_RANGE_LOOP_ANALYSIS = YES;
				CLANG_WARN_STRICT_PROTOTYPES = YES;
				CLANG_WARN_SUSPICIOUS_MOVE = YES;
				CLANG_WARN_UNGUARDED_AVAILABILITY = YES_AGGRESSIVE;
				CLANG_WARN_UNREACHABLE_CODE = YES;
				CLANG_WARN__DUPLICATE_METHOD_MATCH = YES;
				COPY_PHASE_STRIP = NO;
				DEBUG_INFORMATION_FORMAT = dwarf;
				ENABLE_STRICT_OBJC_MSGSEND = YES;
				ENABLE_TESTABILITY = YES;
				GCC_C_LANGUAGE_STANDARD = gnu11;
				GCC_DYNAMIC_NO_PIC = NO;
				GCC_NO_COMMON_BLOCKS = YES;
				GCC_OPTIMIZATION_LEVEL = 0;
				GCC_PREPROCESSOR_DEFINITIONS = (
					"DEBUG=1",
					"$(inherited)",
				);
				GCC_WARN_64_TO_32_BIT_CONVERSION = YES;
				GCC_WARN_ABOUT_RETURN_TYPE = YES_ERROR;
				GCC_WARN_UNDECLARED_SELECTOR = YES;
				GCC_WARN_UNINITIALIZED_AUTOS = YES_AGGRESSIVE;
				GCC_WARN_UNUSED_FUNCTION = YES;
				GCC_WARN_UNUSED_VARIABLE = YES;
				IPHONEOS_DEPLOYMENT_TARGET = 13.2;
				MTL_ENABLE_DEBUG_INFO = INCLUDE_SOURCE;
				MTL_FAST_MATH = YES;
				ONLY_ACTIVE_ARCH = YES;
				SDKROOT = iphoneos;
				SWIFT_ACTIVE_COMPILATION_CONDITIONS = DEBUG;
				SWIFT_OPTIMIZATION_LEVEL = "-Onone";
			};
			name = Debug;
		};
		B1A41DE6252D2A6A00E57C7E /* Release */ = {
			isa = XCBuildConfiguration;
			buildSettings = {
				ALWAYS_SEARCH_USER_PATHS = NO;
				CLANG_ANALYZER_NONNULL = YES;
				CLANG_ANALYZER_NUMBER_OBJECT_CONVERSION = YES_AGGRESSIVE;
				CLANG_CXX_LANGUAGE_STANDARD = "gnu++14";
				CLANG_CXX_LIBRARY = "libc++";
				CLANG_ENABLE_MODULES = YES;
				CLANG_ENABLE_OBJC_ARC = YES;
				CLANG_ENABLE_OBJC_WEAK = YES;
				CLANG_WARN_BLOCK_CAPTURE_AUTORELEASING = YES;
				CLANG_WARN_BOOL_CONVERSION = YES;
				CLANG_WARN_COMMA = YES;
				CLANG_WARN_CONSTANT_CONVERSION = YES;
				CLANG_WARN_DEPRECATED_OBJC_IMPLEMENTATIONS = YES;
				CLANG_WARN_DIRECT_OBJC_ISA_USAGE = YES_ERROR;
				CLANG_WARN_DOCUMENTATION_COMMENTS = YES;
				CLANG_WARN_EMPTY_BODY = YES;
				CLANG_WARN_ENUM_CONVERSION = YES;
				CLANG_WARN_INFINITE_RECURSION = YES;
				CLANG_WARN_INT_CONVERSION = YES;
				CLANG_WARN_NON_LITERAL_NULL_CONVERSION = YES;
				CLANG_WARN_OBJC_IMPLICIT_RETAIN_SELF = YES;
				CLANG_WARN_OBJC_LITERAL_CONVERSION = YES;
				CLANG_WARN_OBJC_ROOT_CLASS = YES_ERROR;
				CLANG_WARN_RANGE_LOOP_ANALYSIS = YES;
				CLANG_WARN_STRICT_PROTOTYPES = YES;
				CLANG_WARN_SUSPICIOUS_MOVE = YES;
				CLANG_WARN_UNGUARDED_AVAILABILITY = YES_AGGRESSIVE;
				CLANG_WARN_UNREACHABLE_CODE = YES;
				CLANG_WARN__DUPLICATE_METHOD_MATCH = YES;
				COPY_PHASE_STRIP = NO;
				DEBUG_INFORMATION_FORMAT = "dwarf-with-dsym";
				ENABLE_NS_ASSERTIONS = NO;
				ENABLE_STRICT_OBJC_MSGSEND = YES;
				GCC_C_LANGUAGE_STANDARD = gnu11;
				GCC_NO_COMMON_BLOCKS = YES;
				GCC_WARN_64_TO_32_BIT_CONVERSION = YES;
				GCC_WARN_ABOUT_RETURN_TYPE = YES_ERROR;
				GCC_WARN_UNDECLARED_SELECTOR = YES;
				GCC_WARN_UNINITIALIZED_AUTOS = YES_AGGRESSIVE;
				GCC_WARN_UNUSED_FUNCTION = YES;
				GCC_WARN_UNUSED_VARIABLE = YES;
				IPHONEOS_DEPLOYMENT_TARGET = 13.2;
				MTL_ENABLE_DEBUG_INFO = NO;
				MTL_FAST_MATH = YES;
				SDKROOT = iphoneos;
				SWIFT_COMPILATION_MODE = wholemodule;
				SWIFT_OPTIMIZATION_LEVEL = "-O";
				VALIDATE_PRODUCT = YES;
			};
			name = Release;
		};
		B1A41DE8252D2A6A00E57C7E /* Debug */ = {
			isa = XCBuildConfiguration;
			baseConfigurationReference = 517647D07101D942767962B8 /* Pods-DragonOdyssey.debug.xcconfig */;
			buildSettings = {
				ASSETCATALOG_COMPILER_APPICON_NAME = AppIcon;
				CODE_SIGN_STYLE = Automatic;
				CURRENT_PROJECT_VERSION = 600;
				DEVELOPMENT_TEAM = E27JV5K9AQ;
				INFOPLIST_FILE = DragonOdyssey/Info.plist;
				IPHONEOS_DEPLOYMENT_TARGET = 11.0;
				LD_RUNPATH_SEARCH_PATHS = (
					"$(inherited)",
					"@executable_path/Frameworks",
				);
				MARKETING_VERSION = 0.1;
				PRODUCT_BUNDLE_IDENTIFIER = com.wiredbetterment.DragonOdyssey;
				PRODUCT_NAME = "$(TARGET_NAME)";
				SWIFT_VERSION = 5.0;
				TARGETED_DEVICE_FAMILY = "1,2";
			};
			name = Debug;
		};
		B1A41DE9252D2A6A00E57C7E /* Release */ = {
			isa = XCBuildConfiguration;
			baseConfigurationReference = 7B89A901CF65B87E142144BB /* Pods-DragonOdyssey.release.xcconfig */;
			buildSettings = {
				ASSETCATALOG_COMPILER_APPICON_NAME = AppIcon;
				CODE_SIGN_STYLE = Automatic;
				CURRENT_PROJECT_VERSION = 600;
				DEVELOPMENT_TEAM = E27JV5K9AQ;
				INFOPLIST_FILE = DragonOdyssey/Info.plist;
				IPHONEOS_DEPLOYMENT_TARGET = 11.0;
				LD_RUNPATH_SEARCH_PATHS = (
					"$(inherited)",
					"@executable_path/Frameworks",
				);
				MARKETING_VERSION = 0.1;
				PRODUCT_BUNDLE_IDENTIFIER = com.wiredbetterment.DragonOdyssey;
				PRODUCT_NAME = "$(TARGET_NAME)";
				SWIFT_VERSION = 5.0;
				TARGETED_DEVICE_FAMILY = "1,2";
			};
			name = Release;
		};
/* End XCBuildConfiguration section */

/* Begin XCConfigurationList section */
		B1A41DCB252D2A6900E57C7E /* Build configuration list for PBXProject "DragonOdyssey" */ = {
			isa = XCConfigurationList;
			buildConfigurations = (
				B1A41DE5252D2A6A00E57C7E /* Debug */,
				B1A41DE6252D2A6A00E57C7E /* Release */,
			);
			defaultConfigurationIsVisible = 0;
			defaultConfigurationName = Release;
		};
		B1A41DE7252D2A6A00E57C7E /* Build configuration list for PBXNativeTarget "DragonOdyssey" */ = {
			isa = XCConfigurationList;
			buildConfigurations = (
				B1A41DE8252D2A6A00E57C7E /* Debug */,
				B1A41DE9252D2A6A00E57C7E /* Release */,
			);
			defaultConfigurationIsVisible = 0;
			defaultConfigurationName = Release;
		};
/* End XCConfigurationList section */

/* Begin XCVersionGroup section */
		B1A41DDC252D2A6900E57C7E /* DragonOdyssey.xcdatamodeld */ = {
			isa = XCVersionGroup;
			children = (
				B1A41DDD252D2A6900E57C7E /* DragonOdyssey.xcdatamodel */,
			);
			currentVersion = B1A41DDD252D2A6900E57C7E /* DragonOdyssey.xcdatamodel */;
			path = DragonOdyssey.xcdatamodeld;
			sourceTree = "<group>";
			versionGroupType = wrapper.xcdatamodel;
		};
/* End XCVersionGroup section */
	};
	rootObject = B1A41DC8252D2A6900E57C7E /* Project object */;
}
